
Microsoft Visual Studio Solution File, Format Version 12.00
# Visual Studio Version 16
VisualStudioVersion = 16.0.30804.86
MinimumVisualStudioVersion = 10.0.40219.1
Project("{FAE04EC0-301F-11D3-BF4B-00C04F79EFBC}") = "HotelForDogs", "HotelForDogs\HotelForDogs.csproj", "{AEF0DC20-8608-4D86-A3FD-BF39E74ABC6C}"
EndProject
Global
	GlobalSection(SolutionConfigurationPlatforms) = preSolution
		Debug|Any CPU = Debug|Any CPU
		Release|Any CPU = Release|Any CPU
	EndGlobalSection
	GlobalSection(ProjectConfigurationPlatforms) = postSolution
		{AEF0DC20-8608-4D86-A3FD-BF39E74ABC6C}.Debug|Any CPU.ActiveCfg = Debug|Any CPU
		{AEF0DC20-8608-4D86-A3FD-BF39E74ABC6C}.Debug|Any CPU.Build.0 = Debug|Any CPU
		{AEF0DC20-8608-4D86-A3FD-BF39E74ABC6C}.Release|Any CPU.ActiveCfg = Release|Any CPU
		{AEF0DC20-8608-4D86-A3FD-BF39E74ABC6C}.Release|Any CPU.Build.0 = Release|Any CPU
	EndGlobalSection
	GlobalSection(SolutionProperties) = preSolution
		HideSolutionNode = FALSE
	EndGlobalSection
	GlobalSection(ExtensibilityGlobals) = postSolution
		SolutionGuid = {ABC273AF-BA02-45C2-8064-3A21FF057635}
	EndGlobalSection
EndGlobal
